
Microsoft Visual Studio Solution File, Format Version 12.00
# Visual Studio Version 17
VisualStudioVersion = 17.11.35327.3
MinimumVisualStudioVersion = 10.0.40219.1
Project("{FAE04EC0-301F-11D3-BF4B-00C04F79EFBC}") = "Services", "Services\Services.csproj", "{18503117-8806-46E2-8B96-F4F1F203FEBA}"
EndProject
Project("{FAE04EC0-301F-11D3-BF4B-00C04F79EFBC}") = "TestBai1", "TestBai1\TestBai1.csproj", "{81A253EF-4DFA-4A34-B62E-83BAF815AE42}"
EndProject
Project("{FAE04EC0-301F-11D3-BF4B-00C04F79EFBC}") = "TestProject1", "TestProject1\TestProject1.csproj", "{1D500F22-463A-4C41-BE91-7659CC3E9623}"
EndProject
Global
	GlobalSection(SolutionConfigurationPlatforms) = preSolution
		Debug|Any CPU = Debug|Any CPU
		Release|Any CPU = Release|Any CPU
	EndGlobalSection
	GlobalSection(ProjectConfigurationPlatforms) = postSolution
		{18503117-8806-46E2-8B96-F4F1F203FEBA}.Debug|Any CPU.ActiveCfg = Debug|Any CPU
		{18503117-8806-46E2-8B96-F4F1F203FEBA}.Debug|Any CPU.Build.0 = Debug|Any CPU
		{18503117-8806-46E2-8B96-F4F1F203FEBA}.Release|Any CPU.ActiveCfg = Release|Any CPU
		{18503117-8806-46E2-8B96-F4F1F203FEBA}.Release|Any CPU.Build.0 = Release|Any CPU
		{81A253EF-4DFA-4A34-B62E-83BAF815AE42}.Debug|Any CPU.ActiveCfg = Debug|Any CPU
		{81A253EF-4DFA-4A34-B62E-83BAF815AE42}.Debug|Any CPU.Build.0 = Debug|Any CPU
		{81A253EF-4DFA-4A34-B62E-83BAF815AE42}.Release|Any CPU.ActiveCfg = Release|Any CPU
		{81A253EF-4DFA-4A34-B62E-83BAF815AE42}.Release|Any CPU.Build.0 = Release|Any CPU
		{1D500F22-463A-4C41-BE91-7659CC3E9623}.Debug|Any CPU.ActiveCfg = Debug|Any CPU
		{1D500F22-463A-4C41-BE91-7659CC3E9623}.Debug|Any CPU.Build.0 = Debug|Any CPU
		{1D500F22-463A-4C41-BE91-7659CC3E9623}.Release|Any CPU.ActiveCfg = Release|Any CPU
		{1D500F22-463A-4C41-BE91-7659CC3E9623}.Release|Any CPU.Build.0 = Release|Any CPU
	EndGlobalSection
	GlobalSection(SolutionProperties) = preSolution
		HideSolutionNode = FALSE
	EndGlobalSection
	GlobalSection(ExtensibilityGlobals) = postSolution
		SolutionGuid = {C2B8A4F4-A4E7-4566-95F2-5D50FA139638}
	EndGlobalSection
EndGlobal
